
Microsoft Visual Studio Solution File, Format Version 12.00
# Visual Studio Version 17
VisualStudioVersion = 17.0.31903.59
MinimumVisualStudioVersion = 10.0.40219.1
Project("{2150E333-8FDC-42A3-9474-1A3956D46DE8}") = "src", "src", "{827E0CD3-B72D-47B6-A68D-7590B98EB39B}"
EndProject
Project("{2150E333-8FDC-42A3-9474-1A3956D46DE8}") = "Application", "Application", "{22BAF98C-8415-17C4-B26A-D537657BC863}"
EndProject
Project("{FAE04EC0-301F-11D3-BF4B-00C04F79EFBC}") = "SmtOrderManager.Application", "src\Application\SmtOrderManager.Application\SmtOrderManager.Application.csproj", "{4619CC95-7522-4278-8E88-D3B1FA563375}"
EndProject
Project("{2150E333-8FDC-42A3-9474-1A3956D46DE8}") = "Presentation", "Presentation", "{6996BBF7-DB31-59BC-C7DD-9A7CCC6138C4}"
EndProject
Project("{FAE04EC0-301F-11D3-BF4B-00C04F79EFBC}") = "SmtOrderManager.Presentation", "src\Presentation\SmtOrderManager.Presentation\SmtOrderManager.Presentation.csproj", "{31EE477D-F30A-421C-B85F-C6A2AB35E14B}"
EndProject
Project("{2150E333-8FDC-42A3-9474-1A3956D46DE8}") = "Infrastructure", "Infrastructure", "{9048EB7F-3875-A59E-E36B-5BD4C6F2A282}"
EndProject
Project("{FAE04EC0-301F-11D3-BF4B-00C04F79EFBC}") = "SmtOrderManager.Infrastructure", "src\Infrastructure\SmtOrderManager.Infrastructure\SmtOrderManager.Infrastructure.csproj", "{767EC5A7-2D48-4CAA-AC69-4CAE6BE92A0C}"
EndProject
Project("{2150E333-8FDC-42A3-9474-1A3956D46DE8}") = "Domain", "Domain", "{8B290487-4C16-E85E-E807-F579CBE9FC4D}"
EndProject
Project("{FAE04EC0-301F-11D3-BF4B-00C04F79EFBC}") = "SmtOrderManager.Domain", "src\Domain\SmtOrderManager.Domain\SmtOrderManager.Domain.csproj", "{52FE8293-9ABD-4B74-820A-9B4DA09D7847}"
EndProject
Project("{FAE04EC0-301F-11D3-BF4B-00C04F79EFBC}") = "SmtOrderManager.Tests", "test\SmtOrderManager.Tests\SmtOrderManager.Tests.csproj", "{A9743BD1-4C60-C9AF-A46E-6830B48B67C1}"
EndProject
Project("{2150E333-8FDC-42A3-9474-1A3956D46DE8}") = "test", "test", "{02EA681E-C7D8-13C7-8484-4AC65E1B71E8}"
EndProject
Global
	GlobalSection(SolutionConfigurationPlatforms) = preSolution
		Debug|Any CPU = Debug|Any CPU
		Debug|x64 = Debug|x64
		Debug|x86 = Debug|x86
		Release|Any CPU = Release|Any CPU
		Release|x64 = Release|x64
		Release|x86 = Release|x86
	EndGlobalSection
	GlobalSection(ProjectConfigurationPlatforms) = postSolution
		{4619CC95-7522-4278-8E88-D3B1FA563375}.Debug|Any CPU.ActiveCfg = Debug|Any CPU
		{4619CC95-7522-4278-8E88-D3B1FA563375}.Debug|Any CPU.Build.0 = Debug|Any CPU
		{4619CC95-7522-4278-8E88-D3B1FA563375}.Debug|x64.ActiveCfg = Debug|Any CPU
		{4619CC95-7522-4278-8E88-D3B1FA563375}.Debug|x64.Build.0 = Debug|Any CPU
		{4619CC95-7522-4278-8E88-D3B1FA563375}.Debug|x86.ActiveCfg = Debug|Any CPU
		{4619CC95-7522-4278-8E88-D3B1FA563375}.Debug|x86.Build.0 = Debug|Any CPU
		{4619CC95-7522-4278-8E88-D3B1FA563375}.Release|Any CPU.ActiveCfg = Release|Any CPU
		{4619CC95-7522-4278-8E88-D3B1FA563375}.Release|Any CPU.Build.0 = Release|Any CPU
		{4619CC95-7522-4278-8E88-D3B1FA563375}.Release|x64.ActiveCfg = Release|Any CPU
		{4619CC95-7522-4278-8E88-D3B1FA563375}.Release|x64.Build.0 = Release|Any CPU
		{4619CC95-7522-4278-8E88-D3B1FA563375}.Release|x86.ActiveCfg = Release|Any CPU
		{4619CC95-7522-4278-8E88-D3B1FA563375}.Release|x86.Build.0 = Release|Any CPU
		{31EE477D-F30A-421C-B85F-C6A2AB35E14B}.Debug|Any CPU.ActiveCfg = Debug|Any CPU
		{31EE477D-F30A-421C-B85F-C6A2AB35E14B}.Debug|Any CPU.Build.0 = Debug|Any CPU
		{31EE477D-F30A-421C-B85F-C6A2AB35E14B}.Debug|x64.ActiveCfg = Debug|Any CPU
		{31EE477D-F30A-421C-B85F-C6A2AB35E14B}.Debug|x64.Build.0 = Debug|Any CPU
		{31EE477D-F30A-421C-B85F-C6A2AB35E14B}.Debug|x86.ActiveCfg = Debug|Any CPU
		{31EE477D-F30A-421C-B85F-C6A2AB35E14B}.Debug|x86.Build.0 = Debug|Any CPU
		{31EE477D-F30A-421C-B85F-C6A2AB35E14B}.Release|Any CPU.ActiveCfg = Release|Any CPU
		{31EE477D-F30A-421C-B85F-C6A2AB35E14B}.Release|Any CPU.Build.0 = Release|Any CPU
		{31EE477D-F30A-421C-B85F-C6A2AB35E14B}.Release|x64.ActiveCfg = Release|Any CPU
		{31EE477D-F30A-421C-B85F-C6A2AB35E14B}.Release|x64.Build.0 = Release|Any CPU
		{31EE477D-F30A-421C-B85F-C6A2AB35E14B}.Release|x86.ActiveCfg = Release|Any CPU
		{31EE477D-F30A-421C-B85F-C6A2AB35E14B}.Release|x86.Build.0 = Release|Any CPU
		{767EC5A7-2D48-4CAA-AC69-4CAE6BE92A0C}.Debug|Any CPU.ActiveCfg = Debug|Any CPU
		{767EC5A7-2D48-4CAA-AC69-4CAE6BE92A0C}.Debug|Any CPU.Build.0 = Debug|Any CPU
		{767EC5A7-2D48-4CAA-AC69-4CAE6BE92A0C}.Debug|x64.ActiveCfg = Debug|Any CPU
		{767EC5A7-2D48-4CAA-AC69-4CAE6BE92A0C}.Debug|x64.Build.0 = Debug|Any CPU
		{767EC5A7-2D48-4CAA-AC69-4CAE6BE92A0C}.Debug|x86.ActiveCfg = Debug|Any CPU
		{767EC5A7-2D48-4CAA-AC69-4CAE6BE92A0C}.Debug|x86.Build.0 = Debug|Any CPU
		{767EC5A7-2D48-4CAA-AC69-4CAE6BE92A0C}.Release|Any CPU.ActiveCfg = Release|Any CPU
		{767EC5A7-2D48-4CAA-AC69-4CAE6BE92A0C}.Release|Any CPU.Build.0 = Release|Any CPU
		{767EC5A7-2D48-4CAA-AC69-4CAE6BE92A0C}.Release|x64.ActiveCfg = Release|Any CPU
		{767EC5A7-2D48-4CAA-AC69-4CAE6BE92A0C}.Release|x64.Build.0 = Release|Any CPU
		{767EC5A7-2D48-4CAA-AC69-4CAE6BE92A0C}.Release|x86.ActiveCfg = Release|Any CPU
		{767EC5A7-2D48-4CAA-AC69-4CAE6BE92A0C}.Release|x86.Build.0 = Release|Any CPU
		{52FE8293-9ABD-4B74-820A-9B4DA09D7847}.Debug|Any CPU.ActiveCfg = Debug|Any CPU
		{52FE8293-9ABD-4B74-820A-9B4DA09D7847}.Debug|Any CPU.Build.0 = Debug|Any CPU
		{52FE8293-9ABD-4B74-820A-9B4DA09D7847}.Debug|x64.ActiveCfg = Debug|Any CPU
		{52FE8293-9ABD-4B74-820A-9B4DA09D7847}.Debug|x64.Build.0 = Debug|Any CPU
		{52FE8293-9ABD-4B74-820A-9B4DA09D7847}.Debug|x86.ActiveCfg = Debug|Any CPU
		{52FE8293-9ABD-4B74-820A-9B4DA09D7847}.Debug|x86.Build.0 = Debug|Any CPU
		{52FE8293-9ABD-4B74-820A-9B4DA09D7847}.Release|Any CPU.ActiveCfg = Release|Any CPU
		{52FE8293-9ABD-4B74-820A-9B4DA09D7847}.Release|Any CPU.Build.0 = Release|Any CPU
		{52FE8293-9ABD-4B74-820A-9B4DA09D7847}.Release|x64.ActiveCfg = Release|Any CPU
		{52FE8293-9ABD-4B74-820A-9B4DA09D7847}.Release|x64.Build.0 = Release|Any CPU
		{52FE8293-9ABD-4B74-820A-9B4DA09D7847}.Release|x86.ActiveCfg = Release|Any CPU
		{52FE8293-9ABD-4B74-820A-9B4DA09D7847}.Release|x86.Build.0 = Release|Any CPU
		{A9743BD1-4C60-C9AF-A46E-6830B48B67C1}.Debug|Any CPU.ActiveCfg = Debug|Any CPU
		{A9743BD1-4C60-C9AF-A46E-6830B48B67C1}.Debug|Any CPU.Build.0 = Debug|Any CPU
		{A9743BD1-4C60-C9AF-A46E-6830B48B67C1}.Debug|x64.ActiveCfg = Debug|Any CPU
		{A9743BD1-4C60-C9AF-A46E-6830B48B67C1}.Debug|x64.Build.0 = Debug|Any CPU
		{A9743BD1-4C60-C9AF-A46E-6830B48B67C1}.Debug|x86.ActiveCfg = Debug|Any CPU
		{A9743BD1-4C60-C9AF-A46E-6830B48B67C1}.Debug|x86.Build.0 = Debug|Any CPU
		{A9743BD1-4C60-C9AF-A46E-6830B48B67C1}.Release|Any CPU.ActiveCfg = Release|Any CPU
		{A9743BD1-4C60-C9AF-A46E-6830B48B67C1}.Release|Any CPU.Build.0 = Release|Any CPU
		{A9743BD1-4C60-C9AF-A46E-6830B48B67C1}.Release|x64.ActiveCfg = Release|Any CPU
		{A9743BD1-4C60-C9AF-A46E-6830B48B67C1}.Release|x64.Build.0 = Release|Any CPU
		{A9743BD1-4C60-C9AF-A46E-6830B48B67C1}.Release|x86.ActiveCfg = Release|Any CPU
		{A9743BD1-4C60-C9AF-A46E-6830B48B67C1}.Release|x86.Build.0 = Release|Any CPU
	EndGlobalSection
	GlobalSection(SolutionProperties) = preSolution
		HideSolutionNode = FALSE
	EndGlobalSection
	GlobalSection(NestedProjects) = preSolution
		{22BAF98C-8415-17C4-B26A-D537657BC863} = {827E0CD3-B72D-47B6-A68D-7590B98EB39B}
		{4619CC95-7522-4278-8E88-D3B1FA563375} = {22BAF98C-8415-17C4-B26A-D537657BC863}
		{6996BBF7-DB31-59BC-C7DD-9A7CCC6138C4} = {827E0CD3-B72D-47B6-A68D-7590B98EB39B}
		{31EE477D-F30A-421C-B85F-C6A2AB35E14B} = {6996BBF7-DB31-59BC-C7DD-9A7CCC6138C4}
		{9048EB7F-3875-A59E-E36B-5BD4C6F2A282} = {827E0CD3-B72D-47B6-A68D-7590B98EB39B}
		{767EC5A7-2D48-4CAA-AC69-4CAE6BE92A0C} = {9048EB7F-3875-A59E-E36B-5BD4C6F2A282}
		{8B290487-4C16-E85E-E807-F579CBE9FC4D} = {827E0CD3-B72D-47B6-A68D-7590B98EB39B}
		{52FE8293-9ABD-4B74-820A-9B4DA09D7847} = {8B290487-4C16-E85E-E807-F579CBE9FC4D}
		{A9743BD1-4C60-C9AF-A46E-6830B48B67C1} = {02EA681E-C7D8-13C7-8484-4AC65E1B71E8}
	EndGlobalSection
EndGlobal
